
Microsoft Visual Studio Solution File, Format Version 12.00
# Visual Studio Version 16
VisualStudioVersion = 16.0.32929.386
MinimumVisualStudioVersion = 10.0.40219.1
Project("{9A19103F-16F7-4668-BE54-9A1E7A4F7556}") = "Core_Proje", "Core_Proje\Core_Proje.csproj", "{4855B1EA-163D-45C1-9BA4-689444A92782}"
EndProject
Project("{9A19103F-16F7-4668-BE54-9A1E7A4F7556}") = "BusinessLayer", "BusinessLayer\BusinessLayer.csproj", "{B1C43E1E-20C6-4A1A-B577-C371A1AA8926}"
EndProject
Project("{9A19103F-16F7-4668-BE54-9A1E7A4F7556}") = "DataAccessLayer", "DataAccessLayer\DataAccessLayer.csproj", "{C6A22DA7-1973-4E73-A683-E4DA00230C50}"
EndProject
Project("{9A19103F-16F7-4668-BE54-9A1E7A4F7556}") = "EntityLayer", "EntityLayer\EntityLayer.csproj", "{284A1697-BC0B-4394-AE29-A142005ADE49}"
EndProject
Project("{FAE04EC0-301F-11D3-BF4B-00C04F79EFBC}") = "Core_Proje_Api", "Core_Proje_Api\Core_Proje_Api.csproj", "{F02738C0-533F-4A07-8106-CB2E05655756}"
EndProject
Global
	GlobalSection(SolutionConfigurationPlatforms) = preSolution
		Debug|Any CPU = Debug|Any CPU
		Release|Any CPU = Release|Any CPU
	EndGlobalSection
	GlobalSection(ProjectConfigurationPlatforms) = postSolution
		{4855B1EA-163D-45C1-9BA4-689444A92782}.Debug|Any CPU.ActiveCfg = Debug|Any CPU
		{4855B1EA-163D-45C1-9BA4-689444A92782}.Debug|Any CPU.Build.0 = Debug|Any CPU
		{4855B1EA-163D-45C1-9BA4-689444A92782}.Release|Any CPU.ActiveCfg = Release|Any CPU
		{4855B1EA-163D-45C1-9BA4-689444A92782}.Release|Any CPU.Build.0 = Release|Any CPU
		{B1C43E1E-20C6-4A1A-B577-C371A1AA8926}.Debug|Any CPU.ActiveCfg = Debug|Any CPU
		{B1C43E1E-20C6-4A1A-B577-C371A1AA8926}.Debug|Any CPU.Build.0 = Debug|Any CPU
		{B1C43E1E-20C6-4A1A-B577-C371A1AA8926}.Release|Any CPU.ActiveCfg = Release|Any CPU
		{B1C43E1E-20C6-4A1A-B577-C371A1AA8926}.Release|Any CPU.Build.0 = Release|Any CPU
		{C6A22DA7-1973-4E73-A683-E4DA00230C50}.Debug|Any CPU.ActiveCfg = Debug|Any CPU
		{C6A22DA7-1973-4E73-A683-E4DA00230C50}.Debug|Any CPU.Build.0 = Debug|Any CPU
		{C6A22DA7-1973-4E73-A683-E4DA00230C50}.Release|Any CPU.ActiveCfg = Release|Any CPU
		{C6A22DA7-1973-4E73-A683-E4DA00230C50}.Release|Any CPU.Build.0 = Release|Any CPU
		{284A1697-BC0B-4394-AE29-A142005ADE49}.Debug|Any CPU.ActiveCfg = Debug|Any CPU
		{284A1697-BC0B-4394-AE29-A142005ADE49}.Debug|Any CPU.Build.0 = Debug|Any CPU
		{284A1697-BC0B-4394-AE29-A142005ADE49}.Release|Any CPU.ActiveCfg = Release|Any CPU
		{284A1697-BC0B-4394-AE29-A142005ADE49}.Release|Any CPU.Build.0 = Release|Any CPU
		{F02738C0-533F-4A07-8106-CB2E05655756}.Debug|Any CPU.ActiveCfg = Debug|Any CPU
		{F02738C0-533F-4A07-8106-CB2E05655756}.Debug|Any CPU.Build.0 = Debug|Any CPU
		{F02738C0-533F-4A07-8106-CB2E05655756}.Release|Any CPU.ActiveCfg = Release|Any CPU
		{F02738C0-533F-4A07-8106-CB2E05655756}.Release|Any CPU.Build.0 = Release|Any CPU
	EndGlobalSection
	GlobalSection(SolutionProperties) = preSolution
		HideSolutionNode = FALSE
	EndGlobalSection
	GlobalSection(ExtensibilityGlobals) = postSolution
		SolutionGuid = {1AC48D4B-EEE7-4DDF-A290-91504033006A}
	EndGlobalSection
EndGlobal
